
Microsoft Visual Studio Solution File, Format Version 12.00
# Visual Studio Version 16
VisualStudioVersion = 16.0.30114.105
MinimumVisualStudioVersion = 10.0.40219.1
Project("{9A19103F-16F7-4668-BE54-9A1E7A4F7556}") = "CareerCloud.Pocos", "CareerCloud.Pocos\CareerCloud.Pocos.csproj", "{0CD3EE19-7339-4E09-B09B-026791143306}"
EndProject
Project("{9A19103F-16F7-4668-BE54-9A1E7A4F7556}") = "CareerCloudCore.UnitTests.Assignment1", "CareerCloudCore.UnitTests.Assignment1\CareerCloudCore.UnitTests.Assignment1\CareerCloudCore.UnitTests.Assignment1.csproj", "{DBEC29B7-3FF8-40B7-B2B0-45A1CD7CEB20}"
EndProject
Project("{9A19103F-16F7-4668-BE54-9A1E7A4F7556}") = "CareerCloud.DataAccessLayer", "CareerCloud.DataAccessLayer\CareerCloud.DataAccessLayer.csproj", "{9AEF75D7-B339-45A8-9BFB-07B0C8BF05CE}"
EndProject
Project("{9A19103F-16F7-4668-BE54-9A1E7A4F7556}") = "CareerCloud.ADODataAccessLayer", "CareerCloud.ADODataAccessLayer\CareerCloud.ADODataAccessLayer.csproj", "{89094AC0-D030-4C78-AA95-15513C28C10E}"
EndProject
Project("{9A19103F-16F7-4668-BE54-9A1E7A4F7556}") = "CareerCloudCore.UnitTests.Assignment2", "CareerCloudCore.UnitTests.Assignment2-master\CareerCloudCore.UnitTests.Assignment2.csproj", "{E7972143-8716-4987-A6C1-7D856D41E427}"
EndProject
Project("{9A19103F-16F7-4668-BE54-9A1E7A4F7556}") = "CareerCloud.BusinessLogicLayer", "CareerCloud.BusinessLogicLayer\CareerCloud.BusinessLogicLayer.csproj", "{27750B40-C8BA-4FD3-B04F-89F528DB07C7}"
EndProject
Project("{9A19103F-16F7-4668-BE54-9A1E7A4F7556}") = "CareerCloudCore.UnitTests.Assignment3", "CareerCloudCore.UnitTests.Assignment3-master\CareerCloudCore.UnitTests.Assignment3.csproj", "{D3B954F2-9921-40AE-B14D-F40972F57C9C}"
EndProject
Project("{9A19103F-16F7-4668-BE54-9A1E7A4F7556}") = "CareerCloud.EntityFrameworkDataAccess", "CareerCloud.EntityFrameworkDataAccess\CareerCloud.EntityFrameworkDataAccess.csproj", "{18CF5DB0-E72F-4181-AD96-96895E6FE364}"
EndProject
Project("{9A19103F-16F7-4668-BE54-9A1E7A4F7556}") = "CareerCloudCore.UnitTests.Assignment4", "CareerCloudCore.UnitTests.Assignment4-master\CareerCloudCore.UnitTests.Assignment4.csproj", "{26E67E27-4A46-4072-86B2-BF920BA18F1A}"
EndProject
Project("{9A19103F-16F7-4668-BE54-9A1E7A4F7556}") = "CareerCloud.WebAPI", "CareerCloud.WebAPI\CareerCloud.WebAPI.csproj", "{4D152609-D8D5-4C41-9DAB-C01D57C45104}"
EndProject
Project("{9A19103F-16F7-4668-BE54-9A1E7A4F7556}") = "CareerCloudCore.UnitTests.Assignment5", "CareerCloudCore.UnitTests.Assignment5-master\CareerCloudCore.UnitTests.Assignment5.csproj", "{A5E10828-7E99-4DEA-999F-080E12B8676E}"
EndProject
Global
	GlobalSection(SolutionConfigurationPlatforms) = preSolution
		Debug|Any CPU = Debug|Any CPU
		Release|Any CPU = Release|Any CPU
	EndGlobalSection
	GlobalSection(ProjectConfigurationPlatforms) = postSolution
		{0CD3EE19-7339-4E09-B09B-026791143306}.Debug|Any CPU.ActiveCfg = Debug|Any CPU
		{0CD3EE19-7339-4E09-B09B-026791143306}.Debug|Any CPU.Build.0 = Debug|Any CPU
		{0CD3EE19-7339-4E09-B09B-026791143306}.Release|Any CPU.ActiveCfg = Release|Any CPU
		{0CD3EE19-7339-4E09-B09B-026791143306}.Release|Any CPU.Build.0 = Release|Any CPU
		{DBEC29B7-3FF8-40B7-B2B0-45A1CD7CEB20}.Debug|Any CPU.ActiveCfg = Debug|Any CPU
		{DBEC29B7-3FF8-40B7-B2B0-45A1CD7CEB20}.Debug|Any CPU.Build.0 = Debug|Any CPU
		{DBEC29B7-3FF8-40B7-B2B0-45A1CD7CEB20}.Release|Any CPU.ActiveCfg = Release|Any CPU
		{DBEC29B7-3FF8-40B7-B2B0-45A1CD7CEB20}.Release|Any CPU.Build.0 = Release|Any CPU
		{9AEF75D7-B339-45A8-9BFB-07B0C8BF05CE}.Debug|Any CPU.ActiveCfg = Debug|Any CPU
		{9AEF75D7-B339-45A8-9BFB-07B0C8BF05CE}.Debug|Any CPU.Build.0 = Debug|Any CPU
		{9AEF75D7-B339-45A8-9BFB-07B0C8BF05CE}.Release|Any CPU.ActiveCfg = Release|Any CPU
		{9AEF75D7-B339-45A8-9BFB-07B0C8BF05CE}.Release|Any CPU.Build.0 = Release|Any CPU
		{89094AC0-D030-4C78-AA95-15513C28C10E}.Debug|Any CPU.ActiveCfg = Debug|Any CPU
		{89094AC0-D030-4C78-AA95-15513C28C10E}.Debug|Any CPU.Build.0 = Debug|Any CPU
		{89094AC0-D030-4C78-AA95-15513C28C10E}.Release|Any CPU.ActiveCfg = Release|Any CPU
		{89094AC0-D030-4C78-AA95-15513C28C10E}.Release|Any CPU.Build.0 = Release|Any CPU
		{E7972143-8716-4987-A6C1-7D856D41E427}.Debug|Any CPU.ActiveCfg = Debug|Any CPU
		{E7972143-8716-4987-A6C1-7D856D41E427}.Debug|Any CPU.Build.0 = Debug|Any CPU
		{E7972143-8716-4987-A6C1-7D856D41E427}.Release|Any CPU.ActiveCfg = Release|Any CPU
		{E7972143-8716-4987-A6C1-7D856D41E427}.Release|Any CPU.Build.0 = Release|Any CPU
		{27750B40-C8BA-4FD3-B04F-89F528DB07C7}.Debug|Any CPU.ActiveCfg = Debug|Any CPU
		{27750B40-C8BA-4FD3-B04F-89F528DB07C7}.Debug|Any CPU.Build.0 = Debug|Any CPU
		{27750B40-C8BA-4FD3-B04F-89F528DB07C7}.Release|Any CPU.ActiveCfg = Release|Any CPU
		{27750B40-C8BA-4FD3-B04F-89F528DB07C7}.Release|Any CPU.Build.0 = Release|Any CPU
		{D3B954F2-9921-40AE-B14D-F40972F57C9C}.Debug|Any CPU.ActiveCfg = Debug|Any CPU
		{D3B954F2-9921-40AE-B14D-F40972F57C9C}.Debug|Any CPU.Build.0 = Debug|Any CPU
		{D3B954F2-9921-40AE-B14D-F40972F57C9C}.Release|Any CPU.ActiveCfg = Release|Any CPU
		{D3B954F2-9921-40AE-B14D-F40972F57C9C}.Release|Any CPU.Build.0 = Release|Any CPU
		{18CF5DB0-E72F-4181-AD96-96895E6FE364}.Debug|Any CPU.ActiveCfg = Debug|Any CPU
		{18CF5DB0-E72F-4181-AD96-96895E6FE364}.Debug|Any CPU.Build.0 = Debug|Any CPU
		{18CF5DB0-E72F-4181-AD96-96895E6FE364}.Release|Any CPU.ActiveCfg = Release|Any CPU
		{18CF5DB0-E72F-4181-AD96-96895E6FE364}.Release|Any CPU.Build.0 = Release|Any CPU
		{26E67E27-4A46-4072-86B2-BF920BA18F1A}.Debug|Any CPU.ActiveCfg = Debug|Any CPU
		{26E67E27-4A46-4072-86B2-BF920BA18F1A}.Debug|Any CPU.Build.0 = Debug|Any CPU
		{26E67E27-4A46-4072-86B2-BF920BA18F1A}.Release|Any CPU.ActiveCfg = Release|Any CPU
		{26E67E27-4A46-4072-86B2-BF920BA18F1A}.Release|Any CPU.Build.0 = Release|Any CPU
		{4D152609-D8D5-4C41-9DAB-C01D57C45104}.Debug|Any CPU.ActiveCfg = Debug|Any CPU
		{4D152609-D8D5-4C41-9DAB-C01D57C45104}.Debug|Any CPU.Build.0 = Debug|Any CPU
		{4D152609-D8D5-4C41-9DAB-C01D57C45104}.Release|Any CPU.ActiveCfg = Release|Any CPU
		{4D152609-D8D5-4C41-9DAB-C01D57C45104}.Release|Any CPU.Build.0 = Release|Any CPU
		{A5E10828-7E99-4DEA-999F-080E12B8676E}.Debug|Any CPU.ActiveCfg = Debug|Any CPU
		{A5E10828-7E99-4DEA-999F-080E12B8676E}.Debug|Any CPU.Build.0 = Debug|Any CPU
		{A5E10828-7E99-4DEA-999F-080E12B8676E}.Release|Any CPU.ActiveCfg = Release|Any CPU
		{A5E10828-7E99-4DEA-999F-080E12B8676E}.Release|Any CPU.Build.0 = Release|Any CPU
	EndGlobalSection
	GlobalSection(SolutionProperties) = preSolution
		HideSolutionNode = FALSE
	EndGlobalSection
	GlobalSection(ExtensibilityGlobals) = postSolution
		SolutionGuid = {5362625C-5A48-49E5-8B92-F1AD0FAAED45}
	EndGlobalSection
EndGlobal
